
Microsoft Visual Studio Solution File, Format Version 12.00
# Visual Studio Version 16
VisualStudioVersion = 16.0.35325.158
MinimumVisualStudioVersion = 10.0.40219.1
Project("{FAE04EC0-301F-11D3-BF4B-00C04F79EFBC}") = "pattern", "pattern\pattern.csproj", "{43C343E5-763C-4AA1-A564-313F778BF3F2}"
EndProject
Global
	GlobalSection(SolutionConfigurationPlatforms) = preSolution
		Debug|Any CPU = Debug|Any CPU
		Release|Any CPU = Release|Any CPU
	EndGlobalSection
	GlobalSection(ProjectConfigurationPlatforms) = postSolution
		{43C343E5-763C-4AA1-A564-313F778BF3F2}.Debug|Any CPU.ActiveCfg = Debug|Any CPU
		{43C343E5-763C-4AA1-A564-313F778BF3F2}.Debug|Any CPU.Build.0 = Debug|Any CPU
		{43C343E5-763C-4AA1-A564-313F778BF3F2}.Release|Any CPU.ActiveCfg = Release|Any CPU
		{43C343E5-763C-4AA1-A564-313F778BF3F2}.Release|Any CPU.Build.0 = Release|Any CPU
	EndGlobalSection
	GlobalSection(SolutionProperties) = preSolution
		HideSolutionNode = FALSE
	EndGlobalSection
	GlobalSection(ExtensibilityGlobals) = postSolution
		SolutionGuid = {530374AF-61CB-4FF2-B017-49C835BD7166}
	EndGlobalSection
EndGlobal
