
Microsoft Visual Studio Solution File, Format Version 12.00
# Visual Studio Version 16
VisualStudioVersion = 16.0.35325.158
MinimumVisualStudioVersion = 10.0.40219.1
Project("{FAE04EC0-301F-11D3-BF4B-00C04F79EFBC}") = "multi", "multi\multi.csproj", "{229E8EF9-3562-4538-8E16-2AC410B99C7F}"
EndProject
Global
	GlobalSection(SolutionConfigurationPlatforms) = preSolution
		Debug|Any CPU = Debug|Any CPU
		Release|Any CPU = Release|Any CPU
	EndGlobalSection
	GlobalSection(ProjectConfigurationPlatforms) = postSolution
		{229E8EF9-3562-4538-8E16-2AC410B99C7F}.Debug|Any CPU.ActiveCfg = Debug|Any CPU
		{229E8EF9-3562-4538-8E16-2AC410B99C7F}.Debug|Any CPU.Build.0 = Debug|Any CPU
		{229E8EF9-3562-4538-8E16-2AC410B99C7F}.Release|Any CPU.ActiveCfg = Release|Any CPU
		{229E8EF9-3562-4538-8E16-2AC410B99C7F}.Release|Any CPU.Build.0 = Release|Any CPU
	EndGlobalSection
	GlobalSection(SolutionProperties) = preSolution
		HideSolutionNode = FALSE
	EndGlobalSection
	GlobalSection(ExtensibilityGlobals) = postSolution
		SolutionGuid = {17635B58-97E6-483D-A3C9-07E613B9FFED}
	EndGlobalSection
EndGlobal
