
Microsoft Visual Studio Solution File, Format Version 12.00
# Visual Studio Version 16
VisualStudioVersion = 16.0.35325.158
MinimumVisualStudioVersion = 10.0.40219.1
Project("{FAE04EC0-301F-11D3-BF4B-00C04F79EFBC}") = "Asseessment_3", "Asseessment_3\Asseessment_3.csproj", "{A0EF78C8-F1AF-41EB-93AE-4481E574C610}"
EndProject
Global
	GlobalSection(SolutionConfigurationPlatforms) = preSolution
		Debug|Any CPU = Debug|Any CPU
		Release|Any CPU = Release|Any CPU
	EndGlobalSection
	GlobalSection(ProjectConfigurationPlatforms) = postSolution
		{A0EF78C8-F1AF-41EB-93AE-4481E574C610}.Debug|Any CPU.ActiveCfg = Debug|Any CPU
		{A0EF78C8-F1AF-41EB-93AE-4481E574C610}.Debug|Any CPU.Build.0 = Debug|Any CPU
		{A0EF78C8-F1AF-41EB-93AE-4481E574C610}.Release|Any CPU.ActiveCfg = Release|Any CPU
		{A0EF78C8-F1AF-41EB-93AE-4481E574C610}.Release|Any CPU.Build.0 = Release|Any CPU
	EndGlobalSection
	GlobalSection(SolutionProperties) = preSolution
		HideSolutionNode = FALSE
	EndGlobalSection
	GlobalSection(ExtensibilityGlobals) = postSolution
		SolutionGuid = {621FAB3C-8A71-4BBF-B56F-207F9C957571}
	EndGlobalSection
EndGlobal
