
Microsoft Visual Studio Solution File, Format Version 12.00
# Visual Studio Version 16
VisualStudioVersion = 16.0.35325.158
MinimumVisualStudioVersion = 10.0.40219.1
Project("{FAE04EC0-301F-11D3-BF4B-00C04F79EFBC}") = "day finding", "day finding\day finding.csproj", "{092B732E-5B7D-4701-9FC7-629C96858611}"
EndProject
Global
	GlobalSection(SolutionConfigurationPlatforms) = preSolution
		Debug|Any CPU = Debug|Any CPU
		Release|Any CPU = Release|Any CPU
	EndGlobalSection
	GlobalSection(ProjectConfigurationPlatforms) = postSolution
		{092B732E-5B7D-4701-9FC7-629C96858611}.Debug|Any CPU.ActiveCfg = Debug|Any CPU
		{092B732E-5B7D-4701-9FC7-629C96858611}.Debug|Any CPU.Build.0 = Debug|Any CPU
		{092B732E-5B7D-4701-9FC7-629C96858611}.Release|Any CPU.ActiveCfg = Release|Any CPU
		{092B732E-5B7D-4701-9FC7-629C96858611}.Release|Any CPU.Build.0 = Release|Any CPU
	EndGlobalSection
	GlobalSection(SolutionProperties) = preSolution
		HideSolutionNode = FALSE
	EndGlobalSection
	GlobalSection(ExtensibilityGlobals) = postSolution
		SolutionGuid = {B05AF781-66B9-484B-AB64-44A0114B11CC}
	EndGlobalSection
EndGlobal
