
Microsoft Visual Studio Solution File, Format Version 12.00
# Visual Studio Version 16
VisualStudioVersion = 16.0.35325.158
MinimumVisualStudioVersion = 10.0.40219.1
Project("{FAE04EC0-301F-11D3-BF4B-00C04F79EFBC}") = "length", "length\length.csproj", "{76D810C4-1D6A-4A1D-A195-0003D471E1D4}"
EndProject
Global
	GlobalSection(SolutionConfigurationPlatforms) = preSolution
		Debug|Any CPU = Debug|Any CPU
		Release|Any CPU = Release|Any CPU
	EndGlobalSection
	GlobalSection(ProjectConfigurationPlatforms) = postSolution
		{76D810C4-1D6A-4A1D-A195-0003D471E1D4}.Debug|Any CPU.ActiveCfg = Debug|Any CPU
		{76D810C4-1D6A-4A1D-A195-0003D471E1D4}.Debug|Any CPU.Build.0 = Debug|Any CPU
		{76D810C4-1D6A-4A1D-A195-0003D471E1D4}.Release|Any CPU.ActiveCfg = Release|Any CPU
		{76D810C4-1D6A-4A1D-A195-0003D471E1D4}.Release|Any CPU.Build.0 = Release|Any CPU
	EndGlobalSection
	GlobalSection(SolutionProperties) = preSolution
		HideSolutionNode = FALSE
	EndGlobalSection
	GlobalSection(ExtensibilityGlobals) = postSolution
		SolutionGuid = {1D73584A-1917-4D20-91BB-5A346FE05696}
	EndGlobalSection
EndGlobal
