
Microsoft Visual Studio Solution File, Format Version 12.00
# Visual Studio Version 16
VisualStudioVersion = 16.0.35325.158
MinimumVisualStudioVersion = 10.0.40219.1
Project("{FAE04EC0-301F-11D3-BF4B-00C04F79EFBC}") = "Assignment-5", "Assignment-5\Assignment-5.csproj", "{F1742734-57BC-402E-A7AF-04D42673629E}"
EndProject
Global
	GlobalSection(SolutionConfigurationPlatforms) = preSolution
		Debug|Any CPU = Debug|Any CPU
		Release|Any CPU = Release|Any CPU
	EndGlobalSection
	GlobalSection(ProjectConfigurationPlatforms) = postSolution
		{F1742734-57BC-402E-A7AF-04D42673629E}.Debug|Any CPU.ActiveCfg = Debug|Any CPU
		{F1742734-57BC-402E-A7AF-04D42673629E}.Debug|Any CPU.Build.0 = Debug|Any CPU
		{F1742734-57BC-402E-A7AF-04D42673629E}.Release|Any CPU.ActiveCfg = Release|Any CPU
		{F1742734-57BC-402E-A7AF-04D42673629E}.Release|Any CPU.Build.0 = Release|Any CPU
	EndGlobalSection
	GlobalSection(SolutionProperties) = preSolution
		HideSolutionNode = FALSE
	EndGlobalSection
	GlobalSection(ExtensibilityGlobals) = postSolution
		SolutionGuid = {7AD16422-254B-4945-94D6-C5C9D819F51F}
	EndGlobalSection
EndGlobal
